Last acquired by /tmp/claude-0/-home-user-bazahoz/f4e89818-c316-5493-9356-fa8a73796650/scratchpad/flutter/bin/cache/dart-sdk/bin/dart (pid 11138) running file:///tmp/claude-0/-home-user-bazahoz/f4e89818-c316-5493-9356-fa8a73796650/scratchpad/flutter/bin/cache/flutter_tools.snapshot on 2026-07-03 08:32:44.293663.